
Microsoft Visual Studio Solution File, Format Version 12.00
# Visual Studio 14
VisualStudioVersion = 14.0.25420.1
MinimumVisualStudioVersion = 10.0.40219.1
Project("{151D2E53-A2C4-4D7D-83FE-D05416EBD58E}") = "ZumoCommunityRG", "ZumoCommunityRG\ZumoCommunityRG.deployproj", "{CBD71ECA-1519-4C12-BA1D-FDBBAC9C3FAA}"
EndProject
Global
	GlobalSection(SolutionConfigurationPlatforms) = preSolution
		Debug|Any CPU = Debug|Any CPU
		Release|Any CPU = Release|Any CPU
	EndGlobalSection
	GlobalSection(ProjectConfigurationPlatforms) = postSolution
		{CBD71ECA-1519-4C12-BA1D-FDBBAC9C3FAA}.Debug|Any CPU.ActiveCfg = Debug|Any CPU
		{CBD71ECA-1519-4C12-BA1D-FDBBAC9C3FAA}.Debug|Any CPU.Build.0 = Debug|Any CPU
		{CBD71ECA-1519-4C12-BA1D-FDBBAC9C3FAA}.Release|Any CPU.ActiveCfg = Release|Any CPU
		{CBD71ECA-1519-4C12-BA1D-FDBBAC9C3FAA}.Release|Any CPU.Build.0 = Release|Any CPU
	EndGlobalSection
	GlobalSection(SolutionProperties) = preSolution
		HideSolutionNode = FALSE
	EndGlobalSection
EndGlobal
